
Microsoft Visual Studio Solution File, Format Version 12.00
# Visual Studio Version 17
VisualStudioVersion = 17.6.33815.320
MinimumVisualStudioVersion = 10.0.40219.1
Project("{FAE04EC0-301F-11D3-BF4B-00C04F79EFBC}") = "RanchProject", "RanchProject\RanchProject.csproj", "{55133CEF-855E-4242-A7A2-F5BD95D728D8}"
EndProject
Global
	GlobalSection(SolutionConfigurationPlatforms) = preSolution
		Debug|Any CPU = Debug|Any CPU
		Release|Any CPU = Release|Any CPU
	EndGlobalSection
	GlobalSection(ProjectConfigurationPlatforms) = postSolution
		{55133CEF-855E-4242-A7A2-F5BD95D728D8}.Debug|Any CPU.ActiveCfg = Debug|Any CPU
		{55133CEF-855E-4242-A7A2-F5BD95D728D8}.Debug|Any CPU.Build.0 = Debug|Any CPU
		{55133CEF-855E-4242-A7A2-F5BD95D728D8}.Release|Any CPU.ActiveCfg = Release|Any CPU
		{55133CEF-855E-4242-A7A2-F5BD95D728D8}.Release|Any CPU.Build.0 = Release|Any CPU
	EndGlobalSection
	GlobalSection(SolutionProperties) = preSolution
		HideSolutionNode = FALSE
	EndGlobalSection
	GlobalSection(ExtensibilityGlobals) = postSolution
		SolutionGuid = {3DFED329-5036-4BFF-AF85-C68B371E9D9E}
	EndGlobalSection
EndGlobal
